
Microsoft Visual Studio Solution File, Format Version 12.00
# Visual Studio Version 16
VisualStudioVersion = 16.0.29418.71
MinimumVisualStudioVersion = 10.0.40219.1
Project("{FAE04EC0-301F-11D3-BF4B-00C04F79EFBC}") = "2020SkeletonProgramCheckIfCompanyNameIsTaken", "2020SkeletonProgramCheckIfCompanyNameIsTaken\2020SkeletonProgramCheckIfCompanyNameIsTaken.csproj", "{9F7E8277-BD10-4A2F-865D-94C1B8825E6E}"
EndProject
Global
	GlobalSection(SolutionConfigurationPlatforms) = preSolution
		Debug|Any CPU = Debug|Any CPU
		Release|Any CPU = Release|Any CPU
	EndGlobalSection
	GlobalSection(ProjectConfigurationPlatforms) = postSolution
		{9F7E8277-BD10-4A2F-865D-94C1B8825E6E}.Debug|Any CPU.ActiveCfg = Debug|Any CPU
		{9F7E8277-BD10-4A2F-865D-94C1B8825E6E}.Debug|Any CPU.Build.0 = Debug|Any CPU
		{9F7E8277-BD10-4A2F-865D-94C1B8825E6E}.Release|Any CPU.ActiveCfg = Release|Any CPU
		{9F7E8277-BD10-4A2F-865D-94C1B8825E6E}.Release|Any CPU.Build.0 = Release|Any CPU
	EndGlobalSection
	GlobalSection(SolutionProperties) = preSolution
		HideSolutionNode = FALSE
	EndGlobalSection
	GlobalSection(ExtensibilityGlobals) = postSolution
		SolutionGuid = {63731D5A-E1ED-4FCA-8003-B6A47AA49B4A}
	EndGlobalSection
EndGlobal
