
Microsoft Visual Studio Solution File, Format Version 12.00
# Visual Studio Version 16
VisualStudioVersion = 16.0.29418.71
MinimumVisualStudioVersion = 10.0.40219.1
Project("{FAE04EC0-301F-11D3-BF4B-00C04F79EFBC}") = "ConsoleApp1", "ConsoleApp1\ConsoleApp1.csproj", "{8F494759-F976-42AA-8090-FF0156FA7484}"
EndProject
Global
	GlobalSection(SolutionConfigurationPlatforms) = preSolution
		Debug|Any CPU = Debug|Any CPU
		Release|Any CPU = Release|Any CPU
	EndGlobalSection
	GlobalSection(ProjectConfigurationPlatforms) = postSolution
		{8F494759-F976-42AA-8090-FF0156FA7484}.Debug|Any CPU.ActiveCfg = Debug|Any CPU
		{8F494759-F976-42AA-8090-FF0156FA7484}.Debug|Any CPU.Build.0 = Debug|Any CPU
		{8F494759-F976-42AA-8090-FF0156FA7484}.Release|Any CPU.ActiveCfg = Release|Any CPU
		{8F494759-F976-42AA-8090-FF0156FA7484}.Release|Any CPU.Build.0 = Release|Any CPU
	EndGlobalSection
	GlobalSection(SolutionProperties) = preSolution
		HideSolutionNode = FALSE
	EndGlobalSection
	GlobalSection(ExtensibilityGlobals) = postSolution
		SolutionGuid = {7D16B2A4-2114-4934-88D2-B9B311AC9CF4}
	EndGlobalSection
EndGlobal
